
Microsoft Visual Studio Solution File, Format Version 12.00
# Visual Studio Version 16
VisualStudioVersion = 16.0.29230.47
MinimumVisualStudioVersion = 10.0.40219.1
Project("{8BC9CEB8-8B4A-11D0-8D11-00A0C91BC942}") = "ESP8266_test", "ESP8266_test\ESP8266_test.vcxproj", "{0B611B7D-6371-45FC-BFFA-D1A618618D54}"
EndProject
Global
	GlobalSection(SolutionConfigurationPlatforms) = preSolution
		Debug|ARM = Debug|ARM
		Debug|ARM64 = Debug|ARM64
		Release|ARM = Release|ARM
		Release|ARM64 = Release|ARM64
	EndGlobalSection
	GlobalSection(ProjectConfigurationPlatforms) = postSolution
		{0B611B7D-6371-45FC-BFFA-D1A618618D54}.Debug|ARM.ActiveCfg = Debug|ARM
		{0B611B7D-6371-45FC-BFFA-D1A618618D54}.Debug|ARM.Build.0 = Debug|ARM
		{0B611B7D-6371-45FC-BFFA-D1A618618D54}.Debug|ARM.Deploy.0 = Debug|ARM
		{0B611B7D-6371-45FC-BFFA-D1A618618D54}.Debug|ARM64.ActiveCfg = Debug|ARM64
		{0B611B7D-6371-45FC-BFFA-D1A618618D54}.Debug|ARM64.Build.0 = Debug|ARM64
		{0B611B7D-6371-45FC-BFFA-D1A618618D54}.Debug|ARM64.Deploy.0 = Debug|ARM64
		{0B611B7D-6371-45FC-BFFA-D1A618618D54}.Release|ARM.ActiveCfg = Release|ARM
		{0B611B7D-6371-45FC-BFFA-D1A618618D54}.Release|ARM.Build.0 = Release|ARM
		{0B611B7D-6371-45FC-BFFA-D1A618618D54}.Release|ARM.Deploy.0 = Release|ARM
		{0B611B7D-6371-45FC-BFFA-D1A618618D54}.Release|ARM64.ActiveCfg = Release|ARM64
		{0B611B7D-6371-45FC-BFFA-D1A618618D54}.Release|ARM64.Build.0 = Release|ARM64
		{0B611B7D-6371-45FC-BFFA-D1A618618D54}.Release|ARM64.Deploy.0 = Release|ARM64
	EndGlobalSection
	GlobalSection(SolutionProperties) = preSolution
		HideSolutionNode = FALSE
	EndGlobalSection
	GlobalSection(ExtensibilityGlobals) = postSolution
		SolutionGuid = {C8EF1BC4-BEAD-4101-809F-F687721E1F0F}
	EndGlobalSection
EndGlobal
